
Microsoft Visual Studio Solution File, Format Version 12.00
# Visual Studio Version 17
VisualStudioVersion = 17.3.32819.101
MinimumVisualStudioVersion = 10.0.40219.1
Project("{FAE04EC0-301F-11D3-BF4B-00C04F79EFBC}") = "AvaloniaHelloWorld", "AvaloniaHelloWorld\AvaloniaHelloWorld.csproj", "{0DA41FC3-4436-47C2-A587-D36BC50F0F70}"
EndProject
Global
	GlobalSection(SolutionConfigurationPlatforms) = preSolution
		Debug|Any CPU = Debug|Any CPU
		Release|Any CPU = Release|Any CPU
	EndGlobalSection
	GlobalSection(ProjectConfigurationPlatforms) = postSolution
		{0DA41FC3-4436-47C2-A587-D36BC50F0F70}.Debug|Any CPU.ActiveCfg = Debug|Any CPU
		{0DA41FC3-4436-47C2-A587-D36BC50F0F70}.Debug|Any CPU.Build.0 = Debug|Any CPU
		{0DA41FC3-4436-47C2-A587-D36BC50F0F70}.Release|Any CPU.ActiveCfg = Release|Any CPU
		{0DA41FC3-4436-47C2-A587-D36BC50F0F70}.Release|Any CPU.Build.0 = Release|Any CPU
	EndGlobalSection
	GlobalSection(SolutionProperties) = preSolution
		HideSolutionNode = FALSE
	EndGlobalSection
	GlobalSection(ExtensibilityGlobals) = postSolution
		SolutionGuid = {EA15C702-C4D9-413B-9E1B-0479442EF48A}
	EndGlobalSection
EndGlobal
